// !$*UTF8*$!
{
	archiveVersion = 1;
	classes = {
	};
	objectVersion = 46;
	objects = {

/* Begin PBXBuildFile section */
		B1FFFA881AE4B35600A41EFD /* AppDelegate.swift in Sources */ = {isa = PBXBuildFile; fileRef = B1FFFA871AE4B35600A41EFD /* AppDelegate.swift */; };
		B1FFFA8A1AE4B35600A41EFD /* ViewController1.swift in Sources */ = {isa = PBXBuildFile; fileRef = B1FFFA891AE4B35600A41EFD /* ViewController1.swift */; };
		B1FFFA8D1AE4B35600A41EFD /* Main.storyboard in Resources */ = {isa = PBXBuildFile; fileRef = B1FFFA8B1AE4B35600A41EFD /* Main.storyboard */; };
		B1FFFA8F1AE4B35600A41EFD /* Images.xcassets in Resources */ = {isa = PBXBuildFile; fileRef = B1FFFA8E1AE4B35600A41EFD /* Images.xcassets */; };
		B1FFFA921AE4B35600A41EFD /* LaunchScreen.xib in Resources */ = {isa = PBXBuildFile; fileRef = B1FFFA901AE4B35600A41EFD /* LaunchScreen.xib */; };
		B1FFFA9E1AE4B35700A41EFD /* KeyboardUtilityDemoTests.swift in Sources */ = {isa = PBXBuildFile; fileRef = B1FFFA9D1AE4B35700A41EFD /* KeyboardUtilityDemoTests.swift */; };
		B1FFFAA81AE4B37C00A41EFD /* KeyboardUtility.swift in Sources */ = {isa = PBXBuildFile; fileRef = B1FFFAA71AE4B37C00A41EFD /* KeyboardUtility.swift */; };
		B1FFFAAA1AE4B9F100A41EFD /* ViewController2.swift in Sources */ = {isa = PBXBuildFile; fileRef = B1FFFAA91AE4B9F100A41EFD /* ViewController2.swift */; };
/* End PBXBuildFile section */

/* Begin PBXContainerItemProxy section */
		B1FFFA981AE4B35700A41EFD /* PBXContainerItemProxy */ = {
			isa = PBXContainerItemProxy;
			containerPortal = B1FFFA7A1AE4B35600A41EFD /* Project object */;
			proxyType = 1;
			remoteGlobalIDString = B1FFFA811AE4B35600A41EFD;
			remoteInfo = KeyboardUtilityDemo;
		};
/* End PBXContainerItemProxy section */

/* Begin PBXFileReference section */
		B1FFFA821AE4B35600A41EFD /* KeyboardUtilityDemo.app */ = {isa = PBXFileReference; explicitFileType = wrapper.application; includeInIndex = 0; path = KeyboardUtilityDemo.app; sourceTree = BUILT_PRODUCTS_DIR; };
		B1FFFA861AE4B35600A41EFD /* Info.plist */ = {isa = PBXFileReference; lastKnownFileType = text.plist.xml; path = Info.plist; sourceTree = "<group>"; };
		B1FFFA871AE4B35600A41EFD /* AppDelegate.swift */ = {isa = PBXFileReference; lastKnownFileType = sourcecode.swift; path = AppDelegate.swift; sourceTree = "<group>"; };
		B1FFFA891AE4B35600A41EFD /* ViewController1.swift */ = {isa = PBXFileReference; lastKnownFileType = sourcecode.swift; path = ViewController1.swift; sourceTree = "<group>"; };
		B1FFFA8C1AE4B35600A41EFD /* Base */ = {isa = PBXFileReference; lastKnownFileType = file.storyboard; name = Base; path = Base.lproj/Main.storyboard; sourceTree = "<group>"; };
		B1FFFA8E1AE4B35600A41EFD /* Images.xcassets */ = {isa = PBXFileReference; lastKnownFileType = folder.assetcatalog; path = Images.xcassets; sourceTree = "<group>"; };
		B1FFFA911AE4B35600A41EFD /* Base */ = {isa = PBXFileReference; lastKnownFileType = file.xib; name = Base; path = Base.lproj/LaunchScreen.xib; sourceTree = "<group>"; };
		B1FFFA971AE4B35700A41EFD /* KeyboardUtilityDemoTests.xctest */ = {isa = PBXFileReference; explicitFileType = wrapper.cfbundle; includeInIndex = 0; path = KeyboardUtilityDemoTests.xctest; sourceTree = BUILT_PRODUCTS_DIR; };
		B1FFFA9C1AE4B35700A41EFD /* Info.plist */ = {isa = PBXFileReference; lastKnownFileType = text.plist.xml; path = Info.plist; sourceTree = "<group>"; };
		B1FFFA9D1AE4B35700A41EFD /* KeyboardUtilityDemoTests.swift */ = {isa = PBXFileReference; lastKnownFileType = sourcecode.swift; path = KeyboardUtilityDemoTests.swift; sourceTree = "<group>"; };
		B1FFFAA71AE4B37C00A41EFD /* KeyboardUtility.swift */ = {isa = PBXFileReference; fileEncoding = 4; lastKnownFileType = sourcecode.swift; path = KeyboardUtility.swift; sourceTree = "<group>"; };
		B1FFFAA91AE4B9F100A41EFD /* ViewController2.swift */ = {isa = PBXFileReference; fileEncoding = 4; lastKnownFileType = sourcecode.swift; path = ViewController2.swift; sourceTree = "<group>"; };
/* End PBXFileReference section */

/* Begin PBXFrameworksBuildPhase section */
		B1FFFA7F1AE4B35600A41EFD /* Frameworks */ = {
			isa = PBXFrameworksBuildPhase;
			buildActionMask = 2147483647;
			files = (
			);
			runOnlyForDeploymentPostprocessing = 0;
		};
		B1FFFA941AE4B35700A41EFD /* Frameworks */ = {
			isa = PBXFrameworksBuildPhase;
			buildActionMask = 2147483647;
			files = (
			);
			runOnlyForDeploymentPostprocessing = 0;
		};
/* End PBXFrameworksBuildPhase section */

/* Begin PBXGroup section */
		B1FFFA791AE4B35600A41EFD = {
			isa = PBXGroup;
			children = (
				B1FFFA841AE4B35600A41EFD /* KeyboardUtilityDemo */,
				B1FFFA9A1AE4B35700A41EFD /* KeyboardUtilityDemoTests */,
				B1FFFA831AE4B35600A41EFD /* Products */,
			);
			sourceTree = "<group>";
		};
		B1FFFA831AE4B35600A41EFD /* Products */ = {
			isa = PBXGroup;
			children = (
				B1FFFA821AE4B35600A41EFD /* KeyboardUtilityDemo.app */,
				B1FFFA971AE4B35700A41EFD /* KeyboardUtilityDemoTests.xctest */,
			);
			name = Products;
			sourceTree = "<group>";
		};
		B1FFFA841AE4B35600A41EFD /* KeyboardUtilityDemo */ = {
			isa = PBXGroup;
			children = (
				B1FFFAA71AE4B37C00A41EFD /* KeyboardUtility.swift */,
				B1FFFA871AE4B35600A41EFD /* AppDelegate.swift */,
				B1FFFA891AE4B35600A41EFD /* ViewController1.swift */,
				B1FFFAA91AE4B9F100A41EFD /* ViewController2.swift */,
				B1FFFA8B1AE4B35600A41EFD /* Main.storyboard */,
				B1FFFA8E1AE4B35600A41EFD /* Images.xcassets */,
				B1FFFA901AE4B35600A41EFD /* LaunchScreen.xib */,
				B1FFFA851AE4B35600A41EFD /* Supporting Files */,
			);
			path = KeyboardUtilityDemo;
			sourceTree = "<group>";
		};
		B1FFFA851AE4B35600A41EFD /* Supporting Files */ = {
			isa = PBXGroup;
			children = (
				B1FFFA861AE4B35600A41EFD /* Info.plist */,
			);
			name = "Supporting Files";
			sourceTree = "<group>";
		};
		B1FFFA9A1AE4B35700A41EFD /* KeyboardUtilityDemoTests */ = {
			isa = PBXGroup;
			children = (
				B1FFFA9D1AE4B35700A41EFD /* KeyboardUtilityDemoTests.swift */,
				B1FFFA9B1AE4B35700A41EFD /* Supporting Files */,
			);
			path = KeyboardUtilityDemoTests;
			sourceTree = "<group>";
		};
		B1FFFA9B1AE4B35700A41EFD /* Supporting Files */ = {
			isa = PBXGroup;
			children = (
				B1FFFA9C1AE4B35700A41EFD /* Info.plist */,
			);
			name = "Supporting Files";
			sourceTree = "<group>";
		};
/* End PBXGroup section */

/* Begin PBXNativeTarget section */
		B1FFFA811AE4B35600A41EFD /* KeyboardUtilityDemo */ = {
			isa = PBXNativeTarget;
			buildConfigurationList = B1FFFAA11AE4B35700A41EFD /* Build configuration list for PBXNativeTarget "KeyboardUtilityDemo" */;
			buildPhases = (
				B1FFFA7E1AE4B35600A41EFD /* Sources */,
				B1FFFA7F1AE4B35600A41EFD /* Frameworks */,
				B1FFFA801AE4B35600A41EFD /* Resources */,
			);
			buildRules = (
			);
			dependencies = (
			);
			name = KeyboardUtilityDemo;
			productName = KeyboardUtilityDemo;
			productReference = B1FFFA821AE4B35600A41EFD /* KeyboardUtilityDemo.app */;
			productType = "com.apple.product-type.application";
		};
		B1FFFA961AE4B35700A41EFD /* KeyboardUtilityDemoTests */ = {
			isa = PBXNativeTarget;
			buildConfigurationList = B1FFFAA41AE4B35700A41EFD /* Build configuration list for PBXNativeTarget "KeyboardUtilityDemoTests" */;
			buildPhases = (
				B1FFFA931AE4B35700A41EFD /* Sources */,
				B1FFFA941AE4B35700A41EFD /* Frameworks */,
				B1FFFA951AE4B35700A41EFD /* Resources */,
			);
			buildRules = (
			);
			dependencies = (
				B1FFFA991AE4B35700A41EFD /* PBXTargetDependency */,
			);
			name = KeyboardUtilityDemoTests;
			productName = KeyboardUtilityDemoTests;
			productReference = B1FFFA971AE4B35700A41EFD /* KeyboardUtilityDemoTests.xctest */;
			productType = "com.apple.product-type.bundle.unit-test";
		};
/* End PBXNativeTarget section */

/* Begin PBXProject section */
		B1FFFA7A1AE4B35600A41EFD /* Project object */ = {
			isa = PBXProject;
			attributes = {
				LastUpgradeCheck = 0630;
				TargetAttributes = {
					B1FFFA811AE4B35600A41EFD = {
						CreatedOnToolsVersion = 6.3;
					};
					B1FFFA961AE4B35700A41EFD = {
						CreatedOnToolsVersion = 6.3;
						TestTargetID = B1FFFA811AE4B35600A41EFD;
					};
				};
			};
			buildConfigurationList = B1FFFA7D1AE4B35600A41EFD /* Build configuration list for PBXProject "KeyboardUtilityDemo" */;
			compatibilityVersion = "Xcode 3.2";
			developmentRegion = English;
			hasScannedForEncodings = 0;
			knownRegions = (
				en,
				Base,
			);
			mainGroup = B1FFFA791AE4B35600A41EFD;
			productRefGroup = B1FFFA831AE4B35600A41EFD /* Products */;
			projectDirPath = "";
			projectRoot = "";
			targets = (
				B1FFFA811AE4B35600A41EFD /* KeyboardUtilityDemo */,
				B1FFFA961AE4B35700A41EFD /* KeyboardUtilityDemoTests */,
			);
		};
/* End PBXProject section */

/* Begin PBXResourcesBuildPhase section */
		B1FFFA801AE4B35600A41EFD /* Resources */ = {
			isa = PBXResourcesBuildPhase;
			buildActionMask = 2147483647;
			files = (
				B1FFFA8D1AE4B35600A41EFD /* Main.storyboard in Resources */,
				B1FFFA921AE4B35600A41EFD /* LaunchScreen.xib in Resources */,
				B1FFFA8F1AE4B35600A41EFD /* Images.xcassets in Resources */,
			);
			runOnlyForDeploymentPostprocessing = 0;
		};
		B1FFFA951AE4B35700A41EFD /* Resources */ = {
			isa = PBXResourcesBuildPhase;
			buildActionMask = 2147483647;
			files = (
			);
			runOnlyForDeploymentPostprocessing = 0;
		};
/* End PBXResourcesBuildPhase section */

/* Begin PBXSourcesBuildPhase section */
		B1FFFA7E1AE4B35600A41EFD /* Sources */ = {
			isa = PBXSourcesBuildPhase;
			buildActionMask = 2147483647;
			files = (
				B1FFFAA81AE4B37C00A41EFD /* KeyboardUtility.swift in Sources */,
				B1FFFAAA1AE4B9F100A41EFD /* ViewController2.swift in Sources */,
				B1FFFA8A1AE4B35600A41EFD /* ViewController1.swift in Sources */,
				B1FFFA881AE4B35600A41EFD /* AppDelegate.swift in Sources */,
			);
			runOnlyForDeploymentPostprocessing = 0;
		};
		B1FFFA931AE4B35700A41EFD /* Sources */ = {
			isa = PBXSourcesBuildPhase;
			buildActionMask = 2147483647;
			files = (
				B1FFFA9E1AE4B35700A41EFD /* KeyboardUtilityDemoTests.swift in Sources */,
			);
			runOnlyForDeploymentPostprocessing = 0;
		};
/* End PBXSourcesBuildPhase section */

/* Begin PBXTargetDependency section */
		B1FFFA991AE4B35700A41EFD /* PBXTargetDependency */ = {
			isa = PBXTargetDependency;
			target = B1FFFA811AE4B35600A41EFD /* KeyboardUtilityDemo */;
			targetProxy = B1FFFA981AE4B35700A41EFD /* PBXContainerItemProxy */;
		};
/* End PBXTargetDependency section */

/* Begin PBXVariantGroup section */
		B1FFFA8B1AE4B35600A41EFD /* Main.storyboard */ = {
			isa = PBXVariantGroup;
			children = (
				B1FFFA8C1AE4B35600A41EFD /* Base */,
			);
			name = Main.storyboard;
			sourceTree = "<group>";
		};
		B1FFFA901AE4B35600A41EFD /* LaunchScreen.xib */ = {
			isa = PBXVariantGroup;
			children = (
				B1FFFA911AE4B35600A41EFD /* Base */,
			);
			name = LaunchScreen.xib;
			sourceTree = "<group>";
		};
/* End PBXVariantGroup section */

/* Begin XCBuildConfiguration section */
		B1FFFA9F1AE4B35700A41EFD /* Debug */ = {
			isa = XCBuildConfiguration;
			buildSettings = {
				ALWAYS_SEARCH_USER_PATHS = NO;
				CLANG_CXX_LANGUAGE_STANDARD = "gnu++0x";
				CLANG_CXX_LIBRARY = "libc++";
				CLANG_ENABLE_MODULES = YES;
				CLANG_ENABLE_OBJC_ARC = YES;
				CLANG_WARN_BOOL_CONVERSION = YES;
				CLANG_WARN_CONSTANT_CONVERSION = YES;
				CLANG_WARN_DIRECT_OBJC_ISA_USAGE = YES_ERROR;
				CLANG_WARN_EMPTY_BODY = YES;
				CLANG_WARN_ENUM_CONVERSION = YES;
				CLANG_WARN_INT_CONVERSION = YES;
				CLANG_WARN_OBJC_ROOT_CLASS = YES_ERROR;
				CLANG_WARN_UNREACHABLE_CODE = YES;
				CLANG_WARN__DUPLICATE_METHOD_MATCH = YES;
				"CODE_SIGN_IDENTITY[sdk=iphoneos*]" = "iPhone Developer";
				COPY_PHASE_STRIP = NO;
				DEBUG_INFORMATION_FORMAT = "dwarf-with-dsym";
				ENABLE_STRICT_OBJC_MSGSEND = YES;
				GCC_C_LANGUAGE_STANDARD = gnu99;
				GCC_DYNAMIC_NO_PIC = NO;
				GCC_NO_COMMON_BLOCKS = YES;
				GCC_OPTIMIZATION_LEVEL = 0;
				GCC_PREPROCESSOR_DEFINITIONS = (
					"DEBUG=1",
					"$(inherited)",
				);
				GCC_SYMBOLS_PRIVATE_EXTERN = NO;
				GCC_WARN_64_TO_32_BIT_CONVERSION = YES;
				GCC_WARN_ABOUT_RETURN_TYPE = YES_ERROR;
				GCC_WARN_UNDECLARED_SELECTOR = YES;
				GCC_WARN_UNINITIALIZED_AUTOS = YES_AGGRESSIVE;
				GCC_WARN_UNUSED_FUNCTION = YES;
				GCC_WARN_UNUSED_VARIABLE = YES;
				IPHONEOS_DEPLOYMENT_TARGET = 8.3;
				MTL_ENABLE_DEBUG_INFO = YES;
				ONLY_ACTIVE_ARCH = YES;
				SDKROOT = iphoneos;
				SWIFT_OPTIMIZATION_LEVEL = "-Onone";
				TARGETED_DEVICE_FAMILY = "1,2";
			};
			name = Debug;
		};
		B1FFFAA01AE4B35700A41EFD /* Release */ = {
			isa = XCBuildConfiguration;
			buildSettings = {
				ALWAYS_SEARCH_USER_PATHS = NO;
				CLANG_CXX_LANGUAGE_STANDARD = "gnu++0x";
				CLANG_CXX_LIBRARY = "libc++";
				CLANG_ENABLE_MODULES = YES;
				CLANG_ENABLE_OBJC_ARC = YES;
				CLANG_WARN_BOOL_CONVERSION = YES;
				CLANG_WARN_CONSTANT_CONVERSION = YES;
				CLANG_WARN_DIRECT_OBJC_ISA_USAGE = YES_ERROR;
				CLANG_WARN_EMPTY_BODY = YES;
				CLANG_WARN_ENUM_CONVERSION = YES;
				CLANG_WARN_INT_CONVERSION = YES;
				CLANG_WARN_OBJC_ROOT_CLASS = YES_ERROR;
				CLANG_WARN_UNREACHABLE_CODE = YES;
				CLANG_WARN__DUPLICATE_METHOD_MATCH = YES;
				"CODE_SIGN_IDENTITY[sdk=iphoneos*]" = "iPhone Developer";
				COPY_PHASE_STRIP = NO;
				DEBUG_INFORMATION_FORMAT = "dwarf-with-dsym";
				ENABLE_NS_ASSERTIONS = NO;
				ENABLE_STRICT_OBJC_MSGSEND = YES;
				GCC_C_LANGUAGE_STANDARD = gnu99;
				GCC_NO_COMMON_BLOCKS = YES;
				GCC_WARN_64_TO_32_BIT_CONVERSION = YES;
				GCC_WARN_ABOUT_RETURN_TYPE = YES_ERROR;
				GCC_WARN_UNDECLARED_SELECTOR = YES;
				GCC_WARN_UNINITIALIZED_AUTOS = YES_AGGRESSIVE;
				GCC_WARN_UNUSED_FUNCTION = YES;
				GCC_WARN_UNUSED_VARIABLE = YES;
				IPHONEOS_DEPLOYMENT_TARGET = 8.3;
				MTL_ENABLE_DEBUG_INFO = NO;
				SDKROOT = iphoneos;
				TARGETED_DEVICE_FAMILY = "1,2";
				VALIDATE_PRODUCT = YES;
			};
			name = Release;
		};
		B1FFFAA21AE4B35700A41EFD /* Debug */ = {
			isa = XCBuildConfiguration;
			buildSettings = {
				ASSETCATALOG_COMPILER_APPICON_NAME = AppIcon;
				INFOPLIST_FILE = KeyboardUtilityDemo/Info.plist;
				LD_RUNPATH_SEARCH_PATHS = "$(inherited) @executable_path/Frameworks";
				PRODUCT_NAME = "$(TARGET_NAME)";
			};
			name = Debug;
		};
		B1FFFAA31AE4B35700A41EFD /* Release */ = {
			isa = XCBuildConfiguration;
			buildSettings = {
				ASSETCATALOG_COMPILER_APPICON_NAME = AppIcon;
				INFOPLIST_FILE = KeyboardUtilityDemo/Info.plist;
				LD_RUNPATH_SEARCH_PATHS = "$(inherited) @executable_path/Frameworks";
				PRODUCT_NAME = "$(TARGET_NAME)";
			};
			name = Release;
		};
		B1FFFAA51AE4B35700A41EFD /* Debug */ = {
			isa = XCBuildConfiguration;
			buildSettings = {
				BUNDLE_LOADER = "$(TEST_HOST)";
				FRAMEWORK_SEARCH_PATHS = (
					"$(SDKROOT)/Developer/Library/Frameworks",
					"$(inherited)",
				);
				GCC_PREPROCESSOR_DEFINITIONS = (
					"DEBUG=1",
					"$(inherited)",
				);
				INFOPLIST_FILE = KeyboardUtilityDemoTests/Info.plist;
				LD_RUNPATH_SEARCH_PATHS = "$(inherited) @executable_path/Frameworks @loader_path/Frameworks";
				PRODUCT_NAME = "$(TARGET_NAME)";
				TEST_HOST = "$(BUILT_PRODUCTS_DIR)/KeyboardUtilityDemo.app/KeyboardUtilityDemo";
			};
			name = Debug;
		};
		B1FFFAA61AE4B35700A41EFD /* Release */ = {
			isa = XCBuildConfiguration;
			buildSettings = {
				BUNDLE_LOADER = "$(TEST_HOST)";
				FRAMEWORK_SEARCH_PATHS = (
					"$(SDKROOT)/Developer/Library/Frameworks",
					"$(inherited)",
				);
				INFOPLIST_FILE = KeyboardUtilityDemoTests/Info.plist;
				LD_RUNPATH_SEARCH_PATHS = "$(inherited) @executable_path/Frameworks @loader_path/Frameworks";
				PRODUCT_NAME = "$(TARGET_NAME)";
				TEST_HOST = "$(BUILT_PRODUCTS_DIR)/KeyboardUtilityDemo.app/KeyboardUtilityDemo";
			};
			name = Release;
		};
/* End XCBuildConfiguration section */

/* Begin XCConfigurationList section */
		B1FFFA7D1AE4B35600A41EFD /* Build configuration list for PBXProject "KeyboardUtilityDemo" */ = {
			isa = XCConfigurationList;
			buildConfigurations = (
				B1FFFA9F1AE4B35700A41EFD /* Debug */,
				B1FFFAA01AE4B35700A41EFD /* Release */,
			);
			defaultConfigurationIsVisible = 0;
			defaultConfigurationName = Release;
		};
		B1FFFAA11AE4B35700A41EFD /* Build configuration list for PBXNativeTarget "KeyboardUtilityDemo" */ = {
			isa = XCConfigurationList;
			buildConfigurations = (
				B1FFFAA21AE4B35700A41EFD /* Debug */,
				B1FFFAA31AE4B35700A41EFD /* Release */,
			);
			defaultConfigurationIsVisible = 0;
		};
		B1FFFAA41AE4B35700A41EFD /* Build configuration list for PBXNativeTarget "KeyboardUtilityDemoTests" */ = {
			isa = XCConfigurationList;
			buildConfigurations = (
				B1FFFAA51AE4B35700A41EFD /* Debug */,
				B1FFFAA61AE4B35700A41EFD /* Release */,
			);
			defaultConfigurationIsVisible = 0;
		};
/* End XCConfigurationList section */
	};
	rootObject = B1FFFA7A1AE4B35600A41EFD /* Project object */;
}
